{
  "name": "aula33",
  "version": "1.0.0",
  "lockfileVersion": 3,
  "requires": true,
  "packages": {
    "": {
      "name": "aula33",
      "version": "1.0.0",
      "license": "ISC",
      "dependencies": {
        "somacoder2": "^1.0.0"
      }
    },
    "node_modules/somacoder2": {
      "version": "1.0.0",
      "resolved": "https://registry.npmjs.org/somacoder2/-/somacoder2-1.0.0.tgz",
      "integrity": "sha512-469kT+dNs+09X4PylUFAio8YRz8kq8pyDqski038ZAapGphPzHeNqRjVKX4akuCbG9Sn62O1w/jCfnOdwVFRBg==",
      "license": "ISC"
    }
  }
}
